
Microsoft Visual Studio Solution File, Format Version 12.00
# Visual Studio Version 17
VisualStudioVersion = 17.12.35707.178 d17.12
MinimumVisualStudioVersion = 10.0.40219.1
Project("{FAE04EC0-301F-11D3-BF4B-00C04F79EFBC}") = "RealEstate", "RealEstate.csproj", "{CA6A17D4-FE6D-43B4-AB99-69F52E4ADD2E}"
EndProject
Global
	GlobalSection(SolutionConfigurationPlatforms) = preSolution
		Debug|Any CPU = Debug|Any CPU
		Release|Any CPU = Release|Any CPU
	EndGlobalSection
	GlobalSection(ProjectConfigurationPlatforms) = postSolution
		{CA6A17D4-FE6D-43B4-AB99-69F52E4ADD2E}.Debug|Any CPU.ActiveCfg = Debug|Any CPU
		{CA6A17D4-FE6D-43B4-AB99-69F52E4ADD2E}.Debug|Any CPU.Build.0 = Debug|Any CPU
		{CA6A17D4-FE6D-43B4-AB99-69F52E4ADD2E}.Release|Any CPU.ActiveCfg = Release|Any CPU
		{CA6A17D4-FE6D-43B4-AB99-69F52E4ADD2E}.Release|Any CPU.Build.0 = Release|Any CPU
	EndGlobalSection
	GlobalSection(SolutionProperties) = preSolution
		HideSolutionNode = FALSE
	EndGlobalSection
EndGlobal
